<?xml version="1.0" encoding="utf-8"?>
<Project ToolsVersion="4.0" xmlns="http://schemas.microsoft.com/developer/msbuild/2003">
  <ItemGroup>
    <Filter Include="Core">
      <UniqueIdentifier>{5d397eba-2ba8-420a-91d4-4b6946cd7c2a}</UniqueIdentifier>
    </Filter>
    <Filter Include="Graphics">
      <UniqueIdentifier>{b9413f54-f7a6-4237-98f4-888e0875bda8}</UniqueIdentifier>
    </Filter>
  </ItemGroup>
  <ItemGroup>
    <ClInclude Include="buffer.h">
      <Filter>Core</Filter>
    </ClInclude>
    <ClInclude Include="Error.h">
      <Filter>Core</Filter>
    </ClInclude>
    <ClInclude Include="globals.h">
      <Filter>Core</Filter>
    </ClInclude>
    <ClInclude Include="program_path.h">
      <Filter>Core</Filter>
    </ClInclude>
    <ClInclude Include="String.h">
      <Filter>Core</Filter>
    </ClInclude>
    <ClInclude Include="integer.h">
      <Filter>Core</Filter>
    </ClInclude>
    <ClInclude Include="Image.h">
      <Filter>Graphics</Filter>
    </ClInclude>
    <ClInclude Include="Render.h">
      <Filter>Graphics</Filter>
    </ClInclude>
    <ClInclude Include="Types.h">
      <Filter>Core</Filter>
    </ClInclude>
    <ClInclude Include="UI.h">
      <Filter>Graphics</Filter>
    </ClInclude>
    <ClInclude Include="UIControls.h">
      <Filter>Graphics</Filter>
    </ClInclude>
    <ClInclude Include="Keys.h">
      <Filter>Core</Filter>
    </ClInclude>
    <ClInclude Include="function.h">
      <Filter>Core</Filter>
    </ClInclude>
  </ItemGroup>
  <ItemGroup>
    <ClCompile Include="buffer.c">
      <Filter>Core</Filter>
    </ClCompile>
    <ClCompile Include="Error.c">
      <Filter>Core</Filter>
    </ClCompile>
    <ClCompile Include="program_path.c">
      <Filter>Core</Filter>
    </ClCompile>
    <ClCompile Include="String.c">
      <Filter>Core</Filter>
    </ClCompile>
    <ClCompile Include="Image.c">
      <Filter>Graphics</Filter>
    </ClCompile>
    <ClCompile Include="Render.c">
      <Filter>Graphics</Filter>
    </ClCompile>
    <ClCompile Include="main.c" />
    <ClCompile Include="UIControls.c">
      <Filter>Graphics</Filter>
    </ClCompile>
    <ClCompile Include="UI.c">
      <Filter>Graphics</Filter>
    </ClCompile>
    <ClCompile Include="Keys.c">
      <Filter>Core</Filter>
    </ClCompile>
    <ClCompile Include="function.c">
      <Filter>Core</Filter>
    </ClCompile>
  </ItemGroup>
</Project>