<?xml version="1.0" encoding="utf-8"?>
<Project ToolsVersion="4.0" xmlns="http://schemas.microsoft.com/developer/msbuild/2003">
  <ItemGroup>
    <ClCompile Include="main.c" />
    <ClCompile Include="widget.c">
      <Filter>graphics</Filter>
    </ClCompile>
    <ClCompile Include="text.c">
      <Filter>graphics</Filter>
    </ClCompile>
    <ClCompile Include="image.c">
      <Filter>graphics</Filter>
    </ClCompile>
    <ClCompile Include="controls.c">
      <Filter>graphics</Filter>
    </ClCompile>
    <ClCompile Include="program_path.c">
      <Filter>core</Filter>
    </ClCompile>
    <ClCompile Include="input.c">
      <Filter>core</Filter>
    </ClCompile>
    <ClCompile Include="globals.c">
      <Filter>core</Filter>
    </ClCompile>
    <ClCompile Include="function.c">
      <Filter>core</Filter>
    </ClCompile>
    <ClCompile Include="error.c">
      <Filter>core</Filter>
    </ClCompile>
    <ClCompile Include="cstring.c">
      <Filter>core</Filter>
    </ClCompile>
    <ClCompile Include="buffer.c">
      <Filter>core</Filter>
    </ClCompile>
    <ClCompile Include="mainmenu.c">
      <Filter>ui</Filter>
    </ClCompile>
    <ClCompile Include="render.c">
      <Filter>graphics</Filter>
    </ClCompile>
  </ItemGroup>
  <ItemGroup>
    <ClInclude Include="widget.h">
      <Filter>graphics</Filter>
    </ClInclude>
    <ClInclude Include="text.h">
      <Filter>graphics</Filter>
    </ClInclude>
    <ClInclude Include="image.h">
      <Filter>graphics</Filter>
    </ClInclude>
    <ClInclude Include="controls.h">
      <Filter>graphics</Filter>
    </ClInclude>
    <ClInclude Include="types.h">
      <Filter>core</Filter>
    </ClInclude>
    <ClInclude Include="program_path.h">
      <Filter>core</Filter>
    </ClInclude>
    <ClInclude Include="integer.h">
      <Filter>core</Filter>
    </ClInclude>
    <ClInclude Include="input.h">
      <Filter>core</Filter>
    </ClInclude>
    <ClInclude Include="globals.h">
      <Filter>core</Filter>
    </ClInclude>
    <ClInclude Include="function.h">
      <Filter>core</Filter>
    </ClInclude>
    <ClInclude Include="error.h">
      <Filter>core</Filter>
    </ClInclude>
    <ClInclude Include="cstring.h">
      <Filter>core</Filter>
    </ClInclude>
    <ClInclude Include="buffer.h">
      <Filter>core</Filter>
    </ClInclude>
    <ClInclude Include="mainmenu.h">
      <Filter>ui</Filter>
    </ClInclude>
    <ClInclude Include="bool.h">
      <Filter>core</Filter>
    </ClInclude>
    <ClInclude Include="render.h">
      <Filter>graphics</Filter>
    </ClInclude>
  </ItemGroup>
  <ItemGroup>
    <Filter Include="ui">
      <UniqueIdentifier>{b121daa5-117b-4284-ac9b-d1c29eff6814}</UniqueIdentifier>
    </Filter>
    <Filter Include="core">
      <UniqueIdentifier>{07d9d1a4-91cf-4a72-8ba1-da2efd46a304}</UniqueIdentifier>
    </Filter>
    <Filter Include="graphics">
      <UniqueIdentifier>{bb0ef258-16b2-4e31-98fa-cce5c1b9c57f}</UniqueIdentifier>
    </Filter>
  </ItemGroup>
</Project>